---
- name: RedHat - install yum-version-lock
  become: true
  yum: name=yum-plugin-versionlock state=present update_cache=yes
- name: RedHat - lock kibana version
  become: true
  shell: yum versionlock delete 0:kibana* ; yum versionlock add kibana{% if kb_version is defined and kb_version != "" %}-{{ kb_version }}{% endif %}
